{
  "nodes": {
    "devenv": {
      "locked": {
        "dir": "src/modules",
        "lastModified": 1788303825,
        "narHash": "sha256-R1tqmYSV5yVTqmy+uISsSn+eEiqgW0F49orOHCOBSts=",
        "owner": "cachix",
        "repo": "devenv",
        "rev": "df5c75a82c3ac3d70a13c90fb869b7e44470a118",
        "type": "github"
      },
      "original": {
        "dir": "src/modules",
        "owner": "cachix",
        "repo": "devenv",
        "type": "github"
      }
    },
    "nixpkgs": {
      "locked": {
        "lastModified": 1787964612,
        "narHash": "sha256-qeiZaY+0tpZXliRA9odCNx+sOfIOhnkcUq9t+ctPrRA=",
        "rev": "e8be7818e19ada32105a8af937a6a473b38167ca",
        "type": "tarball",
        "url": "https://releases.nixos.org/nixpkgs/nixpkgs-26.11pre1063758.e8be7818e19a/nixexprs.tar.xz"
      },
      "original": {
        "id": "nixpkgs",
        "type": "indirect"
      }
    },
    "root": {
      "inputs": {
        "devenv": "devenv",
        "nixpkgs": "nixpkgs"
      }
    }
  },
  "root": "root",
  "version": 7
}